
Microsoft Visual Studio Solution File, Format Version 12.00
# Visual Studio Version 17
VisualStudioVersion = 17.0.32014.148
MinimumVisualStudioVersion = 10.0.40219.1
Project("{FAE04EC0-301F-11D3-BF4B-00C04F79EFBC}") = "numberGuesser", "numberGuesser\numberGuesser.csproj", "{652AAC9D-E248-47D0-802D-197A730C0073}"
EndProject
Global
	GlobalSection(SolutionConfigurationPlatforms) = preSolution
		Debug|Any CPU = Debug|Any CPU
		Release|Any CPU = Release|Any CPU
	EndGlobalSection
	GlobalSection(ProjectConfigurationPlatforms) = postSolution
		{652AAC9D-E248-47D0-802D-197A730C0073}.Debug|Any CPU.ActiveCfg = Debug|Any CPU
		{652AAC9D-E248-47D0-802D-197A730C0073}.Debug|Any CPU.Build.0 = Debug|Any CPU
		{652AAC9D-E248-47D0-802D-197A730C0073}.Release|Any CPU.ActiveCfg = Release|Any CPU
		{652AAC9D-E248-47D0-802D-197A730C0073}.Release|Any CPU.Build.0 = Release|Any CPU
	EndGlobalSection
	GlobalSection(SolutionProperties) = preSolution
		HideSolutionNode = FALSE
	EndGlobalSection
	GlobalSection(ExtensibilityGlobals) = postSolution
		SolutionGuid = {26A38F79-52AD-474B-AB4C-803F11656A41}
	EndGlobalSection
EndGlobal
